
Microsoft Visual Studio Solution File, Format Version 12.00
# Visual Studio Version 17
VisualStudioVersion = 17.11.35303.130
MinimumVisualStudioVersion = 10.0.40219.1
Project("{2150E333-8FDC-42A3-9474-1A3956D46DE8}") = "Task0", "Task0", "{C4D81296-13B7-4770-81B4-665B6B61E0E3}"
EndProject
Project("{9A19103F-16F7-4668-BE54-9A1E7A4F7556}") = "Tyuiu.NovikovaVA.Sprint0.Task0.V0", "Tyuiu.NovikovaVA.Sprint0.Task0.V0\Tyuiu.NovikovaVA.Sprint0.Task0.V0.csproj", "{E18EF114-D9EF-4CBC-9F54-A26952AAE2F5}"
EndProject
Project("{2150E333-8FDC-42A3-9474-1A3956D46DE8}") = "Task1", "Task1", "{1AC30032-D447-4864-9146-2E63C7D3AABE}"
EndProject
Project("{9A19103F-16F7-4668-BE54-9A1E7A4F7556}") = "Tyuiu.NovikovaVA.Sprint0.Task1.V0", "Tyuiu.NovikovaVA.Sprint0.Task1.V0\Tyuiu.NovikovaVA.Sprint0.Task1.V0.csproj", "{34F01862-EC70-4F69-821A-A2D608DA45F3}"
EndProject
Project("{2150E333-8FDC-42A3-9474-1A3956D46DE8}") = "Task2", "Task2", "{9716B06F-DFFC-467F-A873-70AE42321AD8}"
EndProject
Project("{9A19103F-16F7-4668-BE54-9A1E7A4F7556}") = "Tyuiu.NovikovaVA.Sprint0.Task2.V0", "Tyuiu.NovikovaVA.Sprint0.Task2.V0\Tyuiu.NovikovaVA.Sprint0.Task2.V0.csproj", "{C063589B-C16F-469B-AB70-338F9D9C5BEB}"
EndProject
Project("{9A19103F-16F7-4668-BE54-9A1E7A4F7556}") = "Tyuiu.NovikovaVA.Sprint0.Task2.V0.Lib", "Tyuiu.NovikovaVA.Sprint0.Task2.V0.Lib\Tyuiu.NovikovaVA.Sprint0.Task2.V0.Lib.csproj", "{989CE29C-8824-4785-A969-8042F7C58EA3}"
EndProject
Project("{9A19103F-16F7-4668-BE54-9A1E7A4F7556}") = "Tyuiu.NovikovaVA.Sprint0.Task2.V0.Test", "Tyuiu.NovikovaVA.Sprint0.Task2.V0.Test\Tyuiu.NovikovaVA.Sprint0.Task2.V0.Test.csproj", "{5C75FA97-278C-45B6-BE55-DE5CB949CD09}"
EndProject
Project("{2150E333-8FDC-42A3-9474-1A3956D46DE8}") = "Task3", "Task3", "{DF34B377-C729-45C9-9020-CA27EF9750D5}"
EndProject
Project("{9A19103F-16F7-4668-BE54-9A1E7A4F7556}") = "Tyuiu.NovikovaVA.Sprint0.Task3.V0", "Tyuiu.NovikovaVA.Sprint0.Tas3.V0\Tyuiu.NovikovaVA.Sprint0.Task3.V0.csproj", "{B459B0ED-8989-42D0-A62A-CAC608829A95}"
EndProject
Project("{9A19103F-16F7-4668-BE54-9A1E7A4F7556}") = "Tyuiu.NovikovaVA.Sprint0.Task3.V0.Lib", "Tyuiu.NovikovaVA.Sprint0.Task3.V0.Lib\Tyuiu.NovikovaVA.Sprint0.Task3.V0.Lib.csproj", "{C98750F0-0CC6-4271-A7F3-47DDF3B4FC26}"
EndProject
Project("{9A19103F-16F7-4668-BE54-9A1E7A4F7556}") = "Tyuiu.NovikovaVA.Sprint0.Task3.V0.Test", "Tyuiu.NovikovaVA.Sprint0.Task3.V0.Test\Tyuiu.NovikovaVA.Sprint0.Task3.V0.Test.csproj", "{0642A13A-CF45-4F5C-A165-A2EA79AF4FE1}"
EndProject
Project("{2150E333-8FDC-42A3-9474-1A3956D46DE8}") = "Task4", "Task4", "{FE89F851-F83D-4EF7-AA2B-1C9E126FB68C}"
EndProject
Project("{9A19103F-16F7-4668-BE54-9A1E7A4F7556}") = "Tyuiu.NovikovaVA.Sprint0.Task4.V0", "Tyuiu.NovikovaVA.Sprint0.Task.V0\Tyuiu.NovikovaVA.Sprint0.Task4.V0.csproj", "{57F347F9-8438-4189-A939-5DFA6443F4F7}"
EndProject
Project("{9A19103F-16F7-4668-BE54-9A1E7A4F7556}") = "Tyuiu.NovikovaVA.Sprint0.Task4.V0.Lib", "Tyuiu.NovikovaVA.Sprint0.Task4.V0.Lib\Tyuiu.NovikovaVA.Sprint0.Task4.V0.Lib.csproj", "{AD7A9484-E3D5-43AC-8C63-ED98AC82DC8C}"
EndProject
Project("{9A19103F-16F7-4668-BE54-9A1E7A4F7556}") = "Tyuiu.NovikovaVA.Sprint0.Task4.V0.Test", "Tyuiu.NovikovaVA.Sprint0.Task4.V0.Test\Tyuiu.NovikovaVA.Sprint0.Task4.V0.Test.csproj", "{42033B75-892C-4B76-817B-A736DEA79764}"
EndProject
Project("{2150E333-8FDC-42A3-9474-1A3956D46DE8}") = "Task5", "Task5", "{B9640253-5276-4A77-B87C-DA11A3661ABC}"
EndProject
Project("{FAE04EC0-301F-11D3-BF4B-00C04F79EFBC}") = "Tyuiu.NovikovaVA.Sprint0.Task5.V0", "Tyuiu.NovikovaVA.Sprint0.Task5.V0\Tyuiu.NovikovaVA.Sprint0.Task5.V0.csproj", "{6D96916C-F791-4988-A9B2-ECF352FC68F2}"
EndProject
Project("{FAE04EC0-301F-11D3-BF4B-00C04F79EFBC}") = "Tyuiu.NovikovaVA.Sprint0.Task5.V0.Lib", "Tyuiu.NovikovaVA.Sprint0.Task5.V0.Lib\Tyuiu.NovikovaVA.Sprint0.Task5.V0.Lib.csproj", "{A6718135-CBD2-4F1A-972F-911540F5ABD7}"
EndProject
Project("{FAE04EC0-301F-11D3-BF4B-00C04F79EFBC}") = "Tyuiu.NovikovaVA.Sprint0.Task5.V0.Test", "Tyuiu.NovikovaVA.Sprint0.Task5.V0.Test\Tyuiu.NovikovaVA.Sprint0.Task5.V0.Test.csproj", "{C974EB2F-43B0-40E1-8808-3195F2F1D377}"
EndProject
Project("{2150E333-8FDC-42A3-9474-1A3956D46DE8}") = "Task6", "Task6", "{BDABFFFC-7AE1-4A9B-9C26-54DB90623718}"
EndProject
Project("{FAE04EC0-301F-11D3-BF4B-00C04F79EFBC}") = "Tyuiu.NovikovaVA.Sprint0.Task6.V0", "Tyuiu.NovikovaVA.Sprint0.Task6.V0\Tyuiu.NovikovaVA.Sprint0.Task6.V0.csproj", "{81621F8C-FF70-495D-89EF-4572F5492CCE}"
EndProject
Project("{FAE04EC0-301F-11D3-BF4B-00C04F79EFBC}") = "Tyuiu.NovikovaVA.Sprint0.Task6.V0.Lib", "Tyuiu.NovikovaVA.Sprint0.Task6.V0.Lib\Tyuiu.NovikovaVA.Sprint0.Task6.V0.Lib.csproj", "{28BBF2C2-088E-4887-8B55-B35275440F36}"
EndProject
Project("{FAE04EC0-301F-11D3-BF4B-00C04F79EFBC}") = "Tyuiu.NovikovaVA.Sprint0.Task6.V0.Test", "Tyuiu.NovikovaVA.Sprint0.Task6.V0.Test\Tyuiu.NovikovaVA.Sprint0.Task6.V0.Test.csproj", "{888AB830-DD31-4343-B45D-1A6BB1161522}"
EndProject
Project("{2150E333-8FDC-42A3-9474-1A3956D46DE8}") = "Task7", "Task7", "{3A217C35-A8A3-4B1E-8B1D-00282690866A}"
EndProject
Project("{FAE04EC0-301F-11D3-BF4B-00C04F79EFBC}") = "Tyuiu.NovikovaVA.Sprint0.Task7.V0", "Tyuiu.NovikovaVA.Sprint0.Task7.V0\Tyuiu.NovikovaVA.Sprint0.Task7.V0.csproj", "{11D5BFD6-B2B8-457A-924F-E8896746CE57}"
EndProject
Project("{FAE04EC0-301F-11D3-BF4B-00C04F79EFBC}") = "Tyuiu.NovikovaVA.Sprint0.Task7.V0.Lib", "Tyuiu.NovikovaVA.Sprint0.Task7.V0.Lib\Tyuiu.NovikovaVA.Sprint0.Task7.V0.Lib.csproj", "{B55EE3A1-A74D-4A2A-9A03-D933BFCAC854}"
EndProject
Project("{FAE04EC0-301F-11D3-BF4B-00C04F79EFBC}") = "Tyuiu.NovikovaVA.Sprint0.Task7.V0.Test", "Tyuiu.NovikovaVA.Sprint0.Task7.V0.Test\Tyuiu.NovikovaVA.Sprint0.Task7.V0.Test.csproj", "{5A688E91-EFCD-4F13-8FBE-DE613941D33C}"
EndProject
Global
	GlobalSection(SolutionConfigurationPlatforms) = preSolution
		Debug|Any CPU = Debug|Any CPU
		Release|Any CPU = Release|Any CPU
	EndGlobalSection
	GlobalSection(ProjectConfigurationPlatforms) = postSolution
		{E18EF114-D9EF-4CBC-9F54-A26952AAE2F5}.Debug|Any CPU.ActiveCfg = Debug|Any CPU
		{E18EF114-D9EF-4CBC-9F54-A26952AAE2F5}.Debug|Any CPU.Build.0 = Debug|Any CPU
		{E18EF114-D9EF-4CBC-9F54-A26952AAE2F5}.Release|Any CPU.ActiveCfg = Release|Any CPU
		{E18EF114-D9EF-4CBC-9F54-A26952AAE2F5}.Release|Any CPU.Build.0 = Release|Any CPU
		{34F01862-EC70-4F69-821A-A2D608DA45F3}.Debug|Any CPU.ActiveCfg = Debug|Any CPU
		{34F01862-EC70-4F69-821A-A2D608DA45F3}.Debug|Any CPU.Build.0 = Debug|Any CPU
		{34F01862-EC70-4F69-821A-A2D608DA45F3}.Release|Any CPU.ActiveCfg = Release|Any CPU
		{34F01862-EC70-4F69-821A-A2D608DA45F3}.Release|Any CPU.Build.0 = Release|Any CPU
		{C063589B-C16F-469B-AB70-338F9D9C5BEB}.Debug|Any CPU.ActiveCfg = Debug|Any CPU
		{C063589B-C16F-469B-AB70-338F9D9C5BEB}.Debug|Any CPU.Build.0 = Debug|Any CPU
		{C063589B-C16F-469B-AB70-338F9D9C5BEB}.Release|Any CPU.ActiveCfg = Release|Any CPU
		{C063589B-C16F-469B-AB70-338F9D9C5BEB}.Release|Any CPU.Build.0 = Release|Any CPU
		{989CE29C-8824-4785-A969-8042F7C58EA3}.Debug|Any CPU.ActiveCfg = Debug|Any CPU
		{989CE29C-8824-4785-A969-8042F7C58EA3}.Debug|Any CPU.Build.0 = Debug|Any CPU
		{989CE29C-8824-4785-A969-8042F7C58EA3}.Release|Any CPU.ActiveCfg = Release|Any CPU
		{989CE29C-8824-4785-A969-8042F7C58EA3}.Release|Any CPU.Build.0 = Release|Any CPU
		{5C75FA97-278C-45B6-BE55-DE5CB949CD09}.Debug|Any CPU.ActiveCfg = Debug|Any CPU
		{5C75FA97-278C-45B6-BE55-DE5CB949CD09}.Debug|Any CPU.Build.0 = Debug|Any CPU
		{5C75FA97-278C-45B6-BE55-DE5CB949CD09}.Release|Any CPU.ActiveCfg = Release|Any CPU
		{5C75FA97-278C-45B6-BE55-DE5CB949CD09}.Release|Any CPU.Build.0 = Release|Any CPU
		{B459B0ED-8989-42D0-A62A-CAC608829A95}.Debug|Any CPU.ActiveCfg = Debug|Any CPU
		{B459B0ED-8989-42D0-A62A-CAC608829A95}.Debug|Any CPU.Build.0 = Debug|Any CPU
		{B459B0ED-8989-42D0-A62A-CAC608829A95}.Release|Any CPU.ActiveCfg = Release|Any CPU
		{B459B0ED-8989-42D0-A62A-CAC608829A95}.Release|Any CPU.Build.0 = Release|Any CPU
		{C98750F0-0CC6-4271-A7F3-47DDF3B4FC26}.Debug|Any CPU.ActiveCfg = Debug|Any CPU
		{C98750F0-0CC6-4271-A7F3-47DDF3B4FC26}.Debug|Any CPU.Build.0 = Debug|Any CPU
		{C98750F0-0CC6-4271-A7F3-47DDF3B4FC26}.Release|Any CPU.ActiveCfg = Release|Any CPU
		{C98750F0-0CC6-4271-A7F3-47DDF3B4FC26}.Release|Any CPU.Build.0 = Release|Any CPU
		{0642A13A-CF45-4F5C-A165-A2EA79AF4FE1}.Debug|Any CPU.ActiveCfg = Debug|Any CPU
		{0642A13A-CF45-4F5C-A165-A2EA79AF4FE1}.Debug|Any CPU.Build.0 = Debug|Any CPU
		{0642A13A-CF45-4F5C-A165-A2EA79AF4FE1}.Release|Any CPU.ActiveCfg = Release|Any CPU
		{0642A13A-CF45-4F5C-A165-A2EA79AF4FE1}.Release|Any CPU.Build.0 = Release|Any CPU
		{57F347F9-8438-4189-A939-5DFA6443F4F7}.Debug|Any CPU.ActiveCfg = Debug|Any CPU
		{57F347F9-8438-4189-A939-5DFA6443F4F7}.Debug|Any CPU.Build.0 = Debug|Any CPU
		{57F347F9-8438-4189-A939-5DFA6443F4F7}.Release|Any CPU.ActiveCfg = Release|Any CPU
		{57F347F9-8438-4189-A939-5DFA6443F4F7}.Release|Any CPU.Build.0 = Release|Any CPU
		{AD7A9484-E3D5-43AC-8C63-ED98AC82DC8C}.Debug|Any CPU.ActiveCfg = Debug|Any CPU
		{AD7A9484-E3D5-43AC-8C63-ED98AC82DC8C}.Debug|Any CPU.Build.0 = Debug|Any CPU
		{AD7A9484-E3D5-43AC-8C63-ED98AC82DC8C}.Release|Any CPU.ActiveCfg = Release|Any CPU
		{AD7A9484-E3D5-43AC-8C63-ED98AC82DC8C}.Release|Any CPU.Build.0 = Release|Any CPU
		{42033B75-892C-4B76-817B-A736DEA79764}.Debug|Any CPU.ActiveCfg = Debug|Any CPU
		{42033B75-892C-4B76-817B-A736DEA79764}.Debug|Any CPU.Build.0 = Debug|Any CPU
		{42033B75-892C-4B76-817B-A736DEA79764}.Release|Any CPU.ActiveCfg = Release|Any CPU
		{42033B75-892C-4B76-817B-A736DEA79764}.Release|Any CPU.Build.0 = Release|Any CPU
		{6D96916C-F791-4988-A9B2-ECF352FC68F2}.Debug|Any CPU.ActiveCfg = Debug|Any CPU
		{6D96916C-F791-4988-A9B2-ECF352FC68F2}.Debug|Any CPU.Build.0 = Debug|Any CPU
		{6D96916C-F791-4988-A9B2-ECF352FC68F2}.Release|Any CPU.ActiveCfg = Release|Any CPU
		{6D96916C-F791-4988-A9B2-ECF352FC68F2}.Release|Any CPU.Build.0 = Release|Any CPU
		{A6718135-CBD2-4F1A-972F-911540F5ABD7}.Debug|Any CPU.ActiveCfg = Debug|Any CPU
		{A6718135-CBD2-4F1A-972F-911540F5ABD7}.Debug|Any CPU.Build.0 = Debug|Any CPU
		{A6718135-CBD2-4F1A-972F-911540F5ABD7}.Release|Any CPU.ActiveCfg = Release|Any CPU
		{A6718135-CBD2-4F1A-972F-911540F5ABD7}.Release|Any CPU.Build.0 = Release|Any CPU
		{C974EB2F-43B0-40E1-8808-3195F2F1D377}.Debug|Any CPU.ActiveCfg = Debug|Any CPU
		{C974EB2F-43B0-40E1-8808-3195F2F1D377}.Debug|Any CPU.Build.0 = Debug|Any CPU
		{C974EB2F-43B0-40E1-8808-3195F2F1D377}.Release|Any CPU.ActiveCfg = Release|Any CPU
		{C974EB2F-43B0-40E1-8808-3195F2F1D377}.Release|Any CPU.Build.0 = Release|Any CPU
		{81621F8C-FF70-495D-89EF-4572F5492CCE}.Debug|Any CPU.ActiveCfg = Debug|Any CPU
		{81621F8C-FF70-495D-89EF-4572F5492CCE}.Debug|Any CPU.Build.0 = Debug|Any CPU
		{81621F8C-FF70-495D-89EF-4572F5492CCE}.Release|Any CPU.ActiveCfg = Release|Any CPU
		{81621F8C-FF70-495D-89EF-4572F5492CCE}.Release|Any CPU.Build.0 = Release|Any CPU
		{28BBF2C2-088E-4887-8B55-B35275440F36}.Debug|Any CPU.ActiveCfg = Debug|Any CPU
		{28BBF2C2-088E-4887-8B55-B35275440F36}.Debug|Any CPU.Build.0 = Debug|Any CPU
		{28BBF2C2-088E-4887-8B55-B35275440F36}.Release|Any CPU.ActiveCfg = Release|Any CPU
		{28BBF2C2-088E-4887-8B55-B35275440F36}.Release|Any CPU.Build.0 = Release|Any CPU
		{888AB830-DD31-4343-B45D-1A6BB1161522}.Debug|Any CPU.ActiveCfg = Debug|Any CPU
		{888AB830-DD31-4343-B45D-1A6BB1161522}.Debug|Any CPU.Build.0 = Debug|Any CPU
		{888AB830-DD31-4343-B45D-1A6BB1161522}.Release|Any CPU.ActiveCfg = Release|Any CPU
		{888AB830-DD31-4343-B45D-1A6BB1161522}.Release|Any CPU.Build.0 = Release|Any CPU
		{11D5BFD6-B2B8-457A-924F-E8896746CE57}.Debug|Any CPU.ActiveCfg = Debug|Any CPU
		{11D5BFD6-B2B8-457A-924F-E8896746CE57}.Debug|Any CPU.Build.0 = Debug|Any CPU
		{11D5BFD6-B2B8-457A-924F-E8896746CE57}.Release|Any CPU.ActiveCfg = Release|Any CPU
		{11D5BFD6-B2B8-457A-924F-E8896746CE57}.Release|Any CPU.Build.0 = Release|Any CPU
		{B55EE3A1-A74D-4A2A-9A03-D933BFCAC854}.Debug|Any CPU.ActiveCfg = Debug|Any CPU
		{B55EE3A1-A74D-4A2A-9A03-D933BFCAC854}.Debug|Any CPU.Build.0 = Debug|Any CPU
		{B55EE3A1-A74D-4A2A-9A03-D933BFCAC854}.Release|Any CPU.ActiveCfg = Release|Any CPU
		{B55EE3A1-A74D-4A2A-9A03-D933BFCAC854}.Release|Any CPU.Build.0 = Release|Any CPU
		{5A688E91-EFCD-4F13-8FBE-DE613941D33C}.Debug|Any CPU.ActiveCfg = Debug|Any CPU
		{5A688E91-EFCD-4F13-8FBE-DE613941D33C}.Debug|Any CPU.Build.0 = Debug|Any CPU
		{5A688E91-EFCD-4F13-8FBE-DE613941D33C}.Release|Any CPU.ActiveCfg = Release|Any CPU
		{5A688E91-EFCD-4F13-8FBE-DE613941D33C}.Release|Any CPU.Build.0 = Release|Any CPU
	EndGlobalSection
	GlobalSection(SolutionProperties) = preSolution
		HideSolutionNode = FALSE
	EndGlobalSection
	GlobalSection(NestedProjects) = preSolution
		{E18EF114-D9EF-4CBC-9F54-A26952AAE2F5} = {C4D81296-13B7-4770-81B4-665B6B61E0E3}
		{34F01862-EC70-4F69-821A-A2D608DA45F3} = {1AC30032-D447-4864-9146-2E63C7D3AABE}
		{C063589B-C16F-469B-AB70-338F9D9C5BEB} = {9716B06F-DFFC-467F-A873-70AE42321AD8}
		{989CE29C-8824-4785-A969-8042F7C58EA3} = {9716B06F-DFFC-467F-A873-70AE42321AD8}
		{5C75FA97-278C-45B6-BE55-DE5CB949CD09} = {9716B06F-DFFC-467F-A873-70AE42321AD8}
		{B459B0ED-8989-42D0-A62A-CAC608829A95} = {DF34B377-C729-45C9-9020-CA27EF9750D5}
		{C98750F0-0CC6-4271-A7F3-47DDF3B4FC26} = {DF34B377-C729-45C9-9020-CA27EF9750D5}
		{0642A13A-CF45-4F5C-A165-A2EA79AF4FE1} = {DF34B377-C729-45C9-9020-CA27EF9750D5}
		{57F347F9-8438-4189-A939-5DFA6443F4F7} = {FE89F851-F83D-4EF7-AA2B-1C9E126FB68C}
		{AD7A9484-E3D5-43AC-8C63-ED98AC82DC8C} = {FE89F851-F83D-4EF7-AA2B-1C9E126FB68C}
		{42033B75-892C-4B76-817B-A736DEA79764} = {FE89F851-F83D-4EF7-AA2B-1C9E126FB68C}
		{6D96916C-F791-4988-A9B2-ECF352FC68F2} = {B9640253-5276-4A77-B87C-DA11A3661ABC}
		{A6718135-CBD2-4F1A-972F-911540F5ABD7} = {B9640253-5276-4A77-B87C-DA11A3661ABC}
		{C974EB2F-43B0-40E1-8808-3195F2F1D377} = {B9640253-5276-4A77-B87C-DA11A3661ABC}
		{81621F8C-FF70-495D-89EF-4572F5492CCE} = {BDABFFFC-7AE1-4A9B-9C26-54DB90623718}
		{28BBF2C2-088E-4887-8B55-B35275440F36} = {BDABFFFC-7AE1-4A9B-9C26-54DB90623718}
		{888AB830-DD31-4343-B45D-1A6BB1161522} = {BDABFFFC-7AE1-4A9B-9C26-54DB90623718}
		{11D5BFD6-B2B8-457A-924F-E8896746CE57} = {3A217C35-A8A3-4B1E-8B1D-00282690866A}
		{B55EE3A1-A74D-4A2A-9A03-D933BFCAC854} = {3A217C35-A8A3-4B1E-8B1D-00282690866A}
		{5A688E91-EFCD-4F13-8FBE-DE613941D33C} = {3A217C35-A8A3-4B1E-8B1D-00282690866A}
	EndGlobalSection
	GlobalSection(ExtensibilityGlobals) = postSolution
		SolutionGuid = {023D29DF-8E1D-4835-AD18-42BE99D48E9C}
	EndGlobalSection
EndGlobal
