
Microsoft Visual Studio Solution File, Format Version 12.00
# Visual Studio Version 17
VisualStudioVersion = 17.11.35303.130
MinimumVisualStudioVersion = 10.0.40219.1
Project("{2150E333-8FDC-42A3-9474-1A3956D46DE8}") = "Task0", "Task0", "{C4D81296-13B7-4770-81B4-665B6B61E0E3}"
EndProject
Project("{FAE04EC0-301F-11D3-BF4B-00C04F79EFBC}") = "Tyuiu.NovikovaVA.Sprint0.Task0.V0", "Tyuiu.NovikovaVA.Sprint0.Task0.V0\Tyuiu.NovikovaVA.Sprint0.Task0.V0.csproj", "{E18EF114-D9EF-4CBC-9F54-A26952AAE2F5}"
EndProject
Global
	GlobalSection(SolutionConfigurationPlatforms) = preSolution
		Debug|Any CPU = Debug|Any CPU
		Release|Any CPU = Release|Any CPU
	EndGlobalSection
	GlobalSection(ProjectConfigurationPlatforms) = postSolution
		{E18EF114-D9EF-4CBC-9F54-A26952AAE2F5}.Debug|Any CPU.ActiveCfg = Debug|Any CPU
		{E18EF114-D9EF-4CBC-9F54-A26952AAE2F5}.Debug|Any CPU.Build.0 = Debug|Any CPU
		{E18EF114-D9EF-4CBC-9F54-A26952AAE2F5}.Release|Any CPU.ActiveCfg = Release|Any CPU
		{E18EF114-D9EF-4CBC-9F54-A26952AAE2F5}.Release|Any CPU.Build.0 = Release|Any CPU
	EndGlobalSection
	GlobalSection(SolutionProperties) = preSolution
		HideSolutionNode = FALSE
	EndGlobalSection
	GlobalSection(NestedProjects) = preSolution
		{E18EF114-D9EF-4CBC-9F54-A26952AAE2F5} = {C4D81296-13B7-4770-81B4-665B6B61E0E3}
	EndGlobalSection
	GlobalSection(ExtensibilityGlobals) = postSolution
		SolutionGuid = {023D29DF-8E1D-4835-AD18-42BE99D48E9C}
	EndGlobalSection
EndGlobal
